
Microsoft Visual Studio Solution File, Format Version 12.00
# Visual Studio Version 16
VisualStudioVersion = 16.0.31229.75
MinimumVisualStudioVersion = 10.0.40219.1
Project("{FAE04EC0-301F-11D3-BF4B-00C04F79EFBC}") = "lab6_2", "lab6_2\lab6_2.csproj", "{18F185E0-AE0C-43B4-A292-217FB98C920F}"
EndProject
Global
	GlobalSection(SolutionConfigurationPlatforms) = preSolution
		Debug|Any CPU = Debug|Any CPU
		Release|Any CPU = Release|Any CPU
	EndGlobalSection
	GlobalSection(ProjectConfigurationPlatforms) = postSolution
		{18F185E0-AE0C-43B4-A292-217FB98C920F}.Debug|Any CPU.ActiveCfg = Debug|Any CPU
		{18F185E0-AE0C-43B4-A292-217FB98C920F}.Debug|Any CPU.Build.0 = Debug|Any CPU
		{18F185E0-AE0C-43B4-A292-217FB98C920F}.Release|Any CPU.ActiveCfg = Release|Any CPU
		{18F185E0-AE0C-43B4-A292-217FB98C920F}.Release|Any CPU.Build.0 = Release|Any CPU
	EndGlobalSection
	GlobalSection(SolutionProperties) = preSolution
		HideSolutionNode = FALSE
	EndGlobalSection
	GlobalSection(ExtensibilityGlobals) = postSolution
		SolutionGuid = {11723770-4D20-42C1-AB00-C27018017E5F}
	EndGlobalSection
EndGlobal
